// !$*UTF8*$!
{
	archiveVersion = 1;
	classes = {
	};
	objectVersion = 50;
	objects = {

/* Begin PBXBuildFile section */
		A7364ECB20B5C0350008DF62 /* AppDelegate.swift in Sources */ = {isa = PBXBuildFile; fileRef = A7364ECA20B5C0350008DF62 /* AppDelegate.swift */; };
		A7364ECD20B5C0350008DF62 /* ViewController.swift in Sources */ = {isa = PBXBuildFile; fileRef = A7364ECC20B5C0350008DF62 /* ViewController.swift */; };
		A7364ED020B5C0350008DF62 /* Main.storyboard in Resources */ = {isa = PBXBuildFile; fileRef = A7364ECE20B5C0350008DF62 /* Main.storyboard */; };
		A7364ED220B5C0380008DF62 /* Assets.xcassets in Resources */ = {isa = PBXBuildFile; fileRef = A7364ED120B5C0380008DF62 /* Assets.xcassets */; };
		A7364ED520B5C0380008DF62 /* LaunchScreen.storyboard in Resources */ = {isa = PBXBuildFile; fileRef = A7364ED320B5C0380008DF62 /* LaunchScreen.storyboard */; };
		A7364EE020B5C0380008DF62 /* TapUSTests.swift in Sources */ = {isa = PBXBuildFile; fileRef = A7364EDF20B5C0380008DF62 /* TapUSTests.swift */; };
		A7364EEB20B5C0380008DF62 /* TapUSUITests.swift in Sources */ = {isa = PBXBuildFile; fileRef = A7364EEA20B5C0380008DF62 /* TapUSUITests.swift */; };
/* End PBXBuildFile section */

/* Begin PBXContainerItemProxy section */
		A7364EDC20B5C0380008DF62 /* PBXContainerItemProxy */ = {
			isa = PBXContainerItemProxy;
			containerPortal = A7364EBF20B5C0340008DF62 /* Project object */;
			proxyType = 1;
			remoteGlobalIDString = A7364EC620B5C0340008DF62;
			remoteInfo = TapUS;
		};
		A7364EE720B5C0380008DF62 /* PBXContainerItemProxy */ = {
			isa = PBXContainerItemProxy;
			containerPortal = A7364EBF20B5C0340008DF62 /* Project object */;
			proxyType = 1;
			remoteGlobalIDString = A7364EC620B5C0340008DF62;
			remoteInfo = TapUS;
		};
/* End PBXContainerItemProxy section */

/* Begin PBXFileReference section */
		A7364EC720B5C0350008DF62 /* TapUS.app */ = {isa = PBXFileReference; explicitFileType = wrapper.application; includeInIndex = 0; path = TapUS.app; sourceTree = BUILT_PRODUCTS_DIR; };
		A7364ECA20B5C0350008DF62 /* AppDelegate.swift */ = {isa = PBXFileReference; lastKnownFileType = sourcecode.swift; path = AppDelegate.swift; sourceTree = "<group>"; };
		A7364ECC20B5C0350008DF62 /* ViewController.swift */ = {isa = PBXFileReference; lastKnownFileType = sourcecode.swift; path = ViewController.swift; sourceTree = "<group>"; };
		A7364ECF20B5C0350008DF62 /* Base */ = {isa = PBXFileReference; lastKnownFileType = file.storyboard; name = Base; path = Base.lproj/Main.storyboard; sourceTree = "<group>"; };
		A7364ED120B5C0380008DF62 /* Assets.xcassets */ = {isa = PBXFileReference; lastKnownFileType = folder.assetcatalog; path = Assets.xcassets; sourceTree = "<group>"; };
		A7364ED420B5C0380008DF62 /* Base */ = {isa = PBXFileReference; lastKnownFileType = file.storyboard; name = Base; path = Base.lproj/LaunchScreen.storyboard; sourceTree = "<group>"; };
		A7364ED620B5C0380008DF62 /* Info.plist */ = {isa = PBXFileReference; lastKnownFileType = text.plist.xml; path = Info.plist; sourceTree = "<group>"; };
		A7364EDB20B5C0380008DF62 /* TapUSTests.xctest */ = {isa = PBXFileReference; explicitFileType = wrapper.cfbundle; includeInIndex = 0; path = TapUSTests.xctest; sourceTree = BUILT_PRODUCTS_DIR; };
		A7364EDF20B5C0380008DF62 /* TapUSTests.swift */ = {isa = PBXFileReference; lastKnownFileType = sourcecode.swift; path = TapUSTests.swift; sourceTree = "<group>"; };
		A7364EE120B5C0380008DF62 /* Info.plist */ = {isa = PBXFileReference; lastKnownFileType = text.plist.xml; path = Info.plist; sourceTree = "<group>"; };
		A7364EE620B5C0380008DF62 /* TapUSUITests.xctest */ = {isa = PBXFileReference; explicitFileType = wrapper.cfbundle; includeInIndex = 0; path = TapUSUITests.xctest; sourceTree = BUILT_PRODUCTS_DIR; };
		A7364EEA20B5C0380008DF62 /* TapUSUITests.swift */ = {isa = PBXFileReference; lastKnownFileType = sourcecode.swift; path = TapUSUITests.swift; sourceTree = "<group>"; };
		A7364EEC20B5C0380008DF62 /* Info.plist */ = {isa = PBXFileReference; lastKnownFileType = text.plist.xml; path = Info.plist; sourceTree = "<group>"; };
/* End PBXFileReference section */

/* Begin PBXFrameworksBuildPhase section */
		A7364EC420B5C0340008DF62 /* Frameworks */ = {
			isa = PBXFrameworksBuildPhase;
			buildActionMask = 2147483647;
			files = (
			);
			runOnlyForDeploymentPostprocessing = 0;
		};
		A7364ED820B5C0380008DF62 /* Frameworks */ = {
			isa = PBXFrameworksBuildPhase;
			buildActionMask = 2147483647;
			files = (
			);
			runOnlyForDeploymentPostprocessing = 0;
		};
		A7364EE320B5C0380008DF62 /* Frameworks */ = {
			isa = PBXFrameworksBuildPhase;
			buildActionMask = 2147483647;
			files = (
			);
			runOnlyForDeploymentPostprocessing = 0;
		};
/* End PBXFrameworksBuildPhase section */

/* Begin PBXGroup section */
		A7364EBE20B5C0340008DF62 = {
			isa = PBXGroup;
			children = (
				A7364EC920B5C0350008DF62 /* TapUS */,
				A7364EDE20B5C0380008DF62 /* TapUSTests */,
				A7364EE920B5C0380008DF62 /* TapUSUITests */,
				A7364EC820B5C0350008DF62 /* Products */,
			);
			sourceTree = "<group>";
		};
		A7364EC820B5C0350008DF62 /* Products */ = {
			isa = PBXGroup;
			children = (
				A7364EC720B5C0350008DF62 /* TapUS.app */,
				A7364EDB20B5C0380008DF62 /* TapUSTests.xctest */,
				A7364EE620B5C0380008DF62 /* TapUSUITests.xctest */,
			);
			name = Products;
			sourceTree = "<group>";
		};
		A7364EC920B5C0350008DF62 /* TapUS */ = {
			isa = PBXGroup;
			children = (
				A7364ECA20B5C0350008DF62 /* AppDelegate.swift */,
				A7364ECC20B5C0350008DF62 /* ViewController.swift */,
				A7364ECE20B5C0350008DF62 /* Main.storyboard */,
				A7364ED120B5C0380008DF62 /* Assets.xcassets */,
				A7364ED320B5C0380008DF62 /* LaunchScreen.storyboard */,
				A7364ED620B5C0380008DF62 /* Info.plist */,
			);
			path = TapUS;
			sourceTree = "<group>";
		};
		A7364EDE20B5C0380008DF62 /* TapUSTests */ = {
			isa = PBXGroup;
			children = (
				A7364EDF20B5C0380008DF62 /* TapUSTests.swift */,
				A7364EE120B5C0380008DF62 /* Info.plist */,
			);
			path = TapUSTests;
			sourceTree = "<group>";
		};
		A7364EE920B5C0380008DF62 /* TapUSUITests */ = {
			isa = PBXGroup;
			children = (
				A7364EEA20B5C0380008DF62 /* TapUSUITests.swift */,
				A7364EEC20B5C0380008DF62 /* Info.plist */,
			);
			path = TapUSUITests;
			sourceTree = "<group>";
		};
/* End PBXGroup section */

/* Begin PBXNativeTarget section */
		A7364EC620B5C0340008DF62 /* TapUS */ = {
			isa = PBXNativeTarget;
			buildConfigurationList = A7364EEF20B5C0380008DF62 /* Build configuration list for PBXNativeTarget "TapUS" */;
			buildPhases = (
				A7364EC320B5C0340008DF62 /* Sources */,
				A7364EC420B5C0340008DF62 /* Frameworks */,
				A7364EC520B5C0340008DF62 /* Resources */,
			);
			buildRules = (
			);
			dependencies = (
			);
			name = TapUS;
			productName = TapUS;
			productReference = A7364EC720B5C0350008DF62 /* TapUS.app */;
			productType = "com.apple.product-type.application";
		};
		A7364EDA20B5C0380008DF62 /* TapUSTests */ = {
			isa = PBXNativeTarget;
			buildConfigurationList = A7364EF220B5C0380008DF62 /* Build configuration list for PBXNativeTarget "TapUSTests" */;
			buildPhases = (
				A7364ED720B5C0380008DF62 /* Sources */,
				A7364ED820B5C0380008DF62 /* Frameworks */,
				A7364ED920B5C0380008DF62 /* Resources */,
			);
			buildRules = (
			);
			dependencies = (
				A7364EDD20B5C0380008DF62 /* PBXTargetDependency */,
			);
			name = TapUSTests;
			productName = TapUSTests;
			productReference = A7364EDB20B5C0380008DF62 /* TapUSTests.xctest */;
			productType = "com.apple.product-type.bundle.unit-test";
		};
		A7364EE520B5C0380008DF62 /* TapUSUITests */ = {
			isa = PBXNativeTarget;
			buildConfigurationList = A7364EF520B5C0380008DF62 /* Build configuration list for PBXNativeTarget "TapUSUITests" */;
			buildPhases = (
				A7364EE220B5C0380008DF62 /* Sources */,
				A7364EE320B5C0380008DF62 /* Frameworks */,
				A7364EE420B5C0380008DF62 /* Resources */,
			);
			buildRules = (
			);
			dependencies = (
				A7364EE820B5C0380008DF62 /* PBXTargetDependency */,
			);
			name = TapUSUITests;
			productName = TapUSUITests;
			productReference = A7364EE620B5C0380008DF62 /* TapUSUITests.xctest */;
			productType = "com.apple.product-type.bundle.ui-testing";
		};
/* End PBXNativeTarget section */

/* Begin PBXProject section */
		A7364EBF20B5C0340008DF62 /* Project object */ = {
			isa = PBXProject;
			attributes = {
				LastSwiftUpdateCheck = 0930;
				LastUpgradeCheck = 0930;
				ORGANIZATIONNAME = TapUs;
				TargetAttributes = {
					A7364EC620B5C0340008DF62 = {
						CreatedOnToolsVersion = 9.3.1;
					};
					A7364EDA20B5C0380008DF62 = {
						CreatedOnToolsVersion = 9.3.1;
						TestTargetID = A7364EC620B5C0340008DF62;
					};
					A7364EE520B5C0380008DF62 = {
						CreatedOnToolsVersion = 9.3.1;
						TestTargetID = A7364EC620B5C0340008DF62;
					};
				};
			};
			buildConfigurationList = A7364EC220B5C0340008DF62 /* Build configuration list for PBXProject "TapUS" */;
			compatibilityVersion = "Xcode 9.3";
			developmentRegion = en;
			hasScannedForEncodings = 0;
			knownRegions = (
				en,
				Base,
			);
			mainGroup = A7364EBE20B5C0340008DF62;
			productRefGroup = A7364EC820B5C0350008DF62 /* Products */;
			projectDirPath = "";
			projectRoot = "";
			targets = (
				A7364EC620B5C0340008DF62 /* TapUS */,
				A7364EDA20B5C0380008DF62 /* TapUSTests */,
				A7364EE520B5C0380008DF62 /* TapUSUITests */,
			);
		};
/* End PBXProject section */

/* Begin PBXResourcesBuildPhase section */
		A7364EC520B5C0340008DF62 /* Resources */ = {
			isa = PBXResourcesBuildPhase;
			buildActionMask = 2147483647;
			files = (
				A7364ED520B5C0380008DF62 /* LaunchScreen.storyboard in Resources */,
				A7364ED220B5C0380008DF62 /* Assets.xcassets in Resources */,
				A7364ED020B5C0350008DF62 /* Main.storyboard in Resources */,
			);
			runOnlyForDeploymentPostprocessing = 0;
		};
		A7364ED920B5C0380008DF62 /* Resources */ = {
			isa = PBXResourcesBuildPhase;
			buildActionMask = 2147483647;
			files = (
			);
			runOnlyForDeploymentPostprocessing = 0;
		};
		A7364EE420B5C0380008DF62 /* Resources */ = {
			isa = PBXResourcesBuildPhase;
			buildActionMask = 2147483647;
			files = (
			);
			runOnlyForDeploymentPostprocessing = 0;
		};
/* End PBXResourcesBuildPhase section */

/* Begin PBXSourcesBuildPhase section */
		A7364EC320B5C0340008DF62 /* Sources */ = {
			isa = PBXSourcesBuildPhase;
			buildActionMask = 2147483647;
			files = (
				A7364ECD20B5C0350008DF62 /* ViewController.swift in Sources */,
				A7364ECB20B5C0350008DF62 /* AppDelegate.swift in Sources */,
			);
			runOnlyForDeploymentPostprocessing = 0;
		};
		A7364ED720B5C0380008DF62 /* Sources */ = {
			isa = PBXSourcesBuildPhase;
			buildActionMask = 2147483647;
			files = (
				A7364EE020B5C0380008DF62 /* TapUSTests.swift in Sources */,
			);
			runOnlyForDeploymentPostprocessing = 0;
		};
		A7364EE220B5C0380008DF62 /* Sources */ = {
			isa = PBXSourcesBuildPhase;
			buildActionMask = 2147483647;
			files = (
				A7364EEB20B5C0380008DF62 /* TapUSUITests.swift in Sources */,
			);
			runOnlyForDeploymentPostprocessing = 0;
		};
/* End PBXSourcesBuildPhase section */

/* Begin PBXTargetDependency section */
		A7364EDD20B5C0380008DF62 /* PBXTargetDependency */ = {
			isa = PBXTargetDependency;
			target = A7364EC620B5C0340008DF62 /* TapUS */;
			targetProxy = A7364EDC20B5C0380008DF62 /* PBXContainerItemProxy */;
		};
		A7364EE820B5C0380008DF62 /* PBXTargetDependency */ = {
			isa = PBXTargetDependency;
			target = A7364EC620B5C0340008DF62 /* TapUS */;
			targetProxy = A7364EE720B5C0380008DF62 /* PBXContainerItemProxy */;
		};
/* End PBXTargetDependency section */

/* Begin PBXVariantGroup section */
		A7364ECE20B5C0350008DF62 /* Main.storyboard */ = {
			isa = PBXVariantGroup;
			children = (
				A7364ECF20B5C0350008DF62 /* Base */,
			);
			name = Main.storyboard;
			sourceTree = "<group>";
		};
		A7364ED320B5C0380008DF62 /* LaunchScreen.storyboard */ = {
			isa = PBXVariantGroup;
			children = (
				A7364ED420B5C0380008DF62 /* Base */,
			);
			name = LaunchScreen.storyboard;
			sourceTree = "<group>";
		};
/* End PBXVariantGroup section */

/* Begin XCBuildConfiguration section */
		A7364EED20B5C0380008DF62 /* Debug */ = {
			isa = XCBuildConfiguration;
			buildSettings = {
				ALWAYS_SEARCH_USER_PATHS = NO;
				CLANG_ANALYZER_NONNULL = YES;
				CLANG_ANALYZER_NUMBER_OBJECT_CONVERSION = YES_AGGRESSIVE;
				CLANG_CXX_LANGUAGE_STANDARD = "gnu++14";
				CLANG_CXX_LIBRARY = "libc++";
				CLANG_ENABLE_MODULES = YES;
				CLANG_ENABLE_OBJC_ARC = YES;
				CLANG_ENABLE_OBJC_WEAK = YES;
				CLANG_WARN_BLOCK_CAPTURE_AUTORELEASING = YES;
				CLANG_WARN_BOOL_CONVERSION = YES;
				CLANG_WARN_COMMA = YES;
				CLANG_WARN_CONSTANT_CONVERSION = YES;
				CLANG_WARN_DEPRECATED_OBJC_IMPLEMENTATIONS = YES;
				CLANG_WARN_DIRECT_OBJC_ISA_USAGE = YES_ERROR;
				CLANG_WARN_DOCUMENTATION_COMMENTS = YES;
				CLANG_WARN_EMPTY_BODY = YES;
				CLANG_WARN_ENUM_CONVERSION = YES;
				CLANG_WARN_INFINITE_RECURSION = YES;
				CLANG_WARN_INT_CONVERSION = YES;
				CLANG_WARN_NON_LITERAL_NULL_CONVERSION = YES;
				CLANG_WARN_OBJC_IMPLICIT_RETAIN_SELF = YES;
				CLANG_WARN_OBJC_LITERAL_CONVERSION = YES;
				CLANG_WARN_OBJC_ROOT_CLASS = YES_ERROR;
				CLANG_WARN_RANGE_LOOP_ANALYSIS = YES;
				CLANG_WARN_STRICT_PROTOTYPES = YES;
				CLANG_WARN_SUSPICIOUS_MOVE = YES;
				CLANG_WARN_UNGUARDED_AVAILABILITY = YES_AGGRESSIVE;
				CLANG_WARN_UNREACHABLE_CODE = YES;
				CLANG_WARN__DUPLICATE_METHOD_MATCH = YES;
				CODE_SIGN_IDENTITY = "iPhone Developer";
				COPY_PHASE_STRIP = NO;
				DEBUG_INFORMATION_FORMAT = dwarf;
				ENABLE_STRICT_OBJC_MSGSEND = YES;
				ENABLE_TESTABILITY = YES;
				GCC_C_LANGUAGE_STANDARD = gnu11;
				GCC_DYNAMIC_NO_PIC = NO;
				GCC_NO_COMMON_BLOCKS = YES;
				GCC_OPTIMIZATION_LEVEL = 0;
				GCC_PREPROCESSOR_DEFINITIONS = (
					"DEBUG=1",
					"$(inherited)",
				);
				GCC_WARN_64_TO_32_BIT_CONVERSION = YES;
				GCC_WARN_ABOUT_RETURN_TYPE = YES_ERROR;
				GCC_WARN_UNDECLARED_SELECTOR = YES;
				GCC_WARN_UNINITIALIZED_AUTOS = YES_AGGRESSIVE;
				GCC_WARN_UNUSED_FUNCTION = YES;
				GCC_WARN_UNUSED_VARIABLE = YES;
				IPHONEOS_DEPLOYMENT_TARGET = 11.3;
				MTL_ENABLE_DEBUG_INFO = YES;
				ONLY_ACTIVE_ARCH = YES;
				SDKROOT = iphoneos;
				SWIFT_ACTIVE_COMPILATION_CONDITIONS = DEBUG;
				SWIFT_OPTIMIZATION_LEVEL = "-Onone";
			};
			name = Debug;
		};
		A7364EEE20B5C0380008DF62 /* Release */ = {
			isa = XCBuildConfiguration;
			buildSettings = {
				ALWAYS_SEARCH_USER_PATHS = NO;
				CLANG_ANALYZER_NONNULL = YES;
				CLANG_ANALYZER_NUMBER_OBJECT_CONVERSION = YES_AGGRESSIVE;
				CLANG_CXX_LANGUAGE_STANDARD = "gnu++14";
				CLANG_CXX_LIBRARY = "libc++";
				CLANG_ENABLE_MODULES = YES;
				CLANG_ENABLE_OBJC_ARC = YES;
				CLANG_ENABLE_OBJC_WEAK = YES;
				CLANG_WARN_BLOCK_CAPTURE_AUTORELEASING = YES;
				CLANG_WARN_BOOL_CONVERSION = YES;
				CLANG_WARN_COMMA = YES;
				CLANG_WARN_CONSTANT_CONVERSION = YES;
				CLANG_WARN_DEPRECATED_OBJC_IMPLEMENTATIONS = YES;
				CLANG_WARN_DIRECT_OBJC_ISA_USAGE = YES_ERROR;
				CLANG_WARN_DOCUMENTATION_COMMENTS = YES;
				CLANG_WARN_EMPTY_BODY = YES;
				CLANG_WARN_ENUM_CONVERSION = YES;
				CLANG_WARN_INFINITE_RECURSION = YES;
				CLANG_WARN_INT_CONVERSION = YES;
				CLANG_WARN_NON_LITERAL_NULL_CONVERSION = YES;
				CLANG_WARN_OBJC_IMPLICIT_RETAIN_SELF = YES;
				CLANG_WARN_OBJC_LITERAL_CONVERSION = YES;
				CLANG_WARN_OBJC_ROOT_CLASS = YES_ERROR;
				CLANG_WARN_RANGE_LOOP_ANALYSIS = YES;
				CLANG_WARN_STRICT_PROTOTYPES = YES;
				CLANG_WARN_SUSPICIOUS_MOVE = YES;
				CLANG_WARN_UNGUARDED_AVAILABILITY = YES_AGGRESSIVE;
				CLANG_WARN_UNREACHABLE_CODE = YES;
				CLANG_WARN__DUPLICATE_METHOD_MATCH = YES;
				CODE_SIGN_IDENTITY = "iPhone Developer";
				COPY_PHASE_STRIP = NO;
				DEBUG_INFORMATION_FORMAT = "dwarf-with-dsym";
				ENABLE_NS_ASSERTIONS = NO;
				ENABLE_STRICT_OBJC_MSGSEND = YES;
				GCC_C_LANGUAGE_STANDARD = gnu11;
				GCC_NO_COMMON_BLOCKS = YES;
				GCC_WARN_64_TO_32_BIT_CONVERSION = YES;
				GCC_WARN_ABOUT_RETURN_TYPE = YES_ERROR;
				GCC_WARN_UNDECLARED_SELECTOR = YES;
				GCC_WARN_UNINITIALIZED_AUTOS = YES_AGGRESSIVE;
				GCC_WARN_UNUSED_FUNCTION = YES;
				GCC_WARN_UNUSED_VARIABLE = YES;
				IPHONEOS_DEPLOYMENT_TARGET = 11.3;
				MTL_ENABLE_DEBUG_INFO = NO;
				SDKROOT = iphoneos;
				SWIFT_COMPILATION_MODE = wholemodule;
				SWIFT_OPTIMIZATION_LEVEL = "-O";
				VALIDATE_PRODUCT = YES;
			};
			name = Release;
		};
		A7364EF020B5C0380008DF62 /* Debug */ = {
			isa = XCBuildConfiguration;
			buildSettings = {
				ASSETCATALOG_COMPILER_APPICON_NAME = AppIcon;
				CODE_SIGN_STYLE = Automatic;
				INFOPLIST_FILE = TapUS/Info.plist;
				LD_RUNPATH_SEARCH_PATHS = (
					"$(inherited)",
					"@executable_path/Frameworks",
				);
				PRODUCT_BUNDLE_IDENTIFIER = TapUs.TapUS;
				PRODUCT_NAME = "$(TARGET_NAME)";
				SWIFT_VERSION = 4.0;
				TARGETED_DEVICE_FAMILY = "1,2";
			};
			name = Debug;
		};
		A7364EF120B5C0380008DF62 /* Release */ = {
			isa = XCBuildConfiguration;
			buildSettings = {
				ASSETCATALOG_COMPILER_APPICON_NAME = AppIcon;
				CODE_SIGN_STYLE = Automatic;
				INFOPLIST_FILE = TapUS/Info.plist;
				LD_RUNPATH_SEARCH_PATHS = (
					"$(inherited)",
					"@executable_path/Frameworks",
				);
				PRODUCT_BUNDLE_IDENTIFIER = TapUs.TapUS;
				PRODUCT_NAME = "$(TARGET_NAME)";
				SWIFT_VERSION = 4.0;
				TARGETED_DEVICE_FAMILY = "1,2";
			};
			name = Release;
		};
		A7364EF320B5C0380008DF62 /* Debug */ = {
			isa = XCBuildConfiguration;
			buildSettings = {
				ALWAYS_EMBED_SWIFT_STANDARD_LIBRARIES = YES;
				BUNDLE_LOADER = "$(TEST_HOST)";
				CODE_SIGN_STYLE = Automatic;
				INFOPLIST_FILE = TapUSTests/Info.plist;
				LD_RUNPATH_SEARCH_PATHS = (
					"$(inherited)",
					"@executable_path/Frameworks",
					"@loader_path/Frameworks",
				);
				PRODUCT_BUNDLE_IDENTIFIER = TapUs.TapUSTests;
				PRODUCT_NAME = "$(TARGET_NAME)";
				SWIFT_VERSION = 4.0;
				TARGETED_DEVICE_FAMILY = "1,2";
				TEST_HOST = "$(BUILT_PRODUCTS_DIR)/TapUS.app/TapUS";
			};
			name = Debug;
		};
		A7364EF420B5C0380008DF62 /* Release */ = {
			isa = XCBuildConfiguration;
			buildSettings = {
				ALWAYS_EMBED_SWIFT_STANDARD_LIBRARIES = YES;
				BUNDLE_LOADER = "$(TEST_HOST)";
				CODE_SIGN_STYLE = Automatic;
				INFOPLIST_FILE = TapUSTests/Info.plist;
				LD_RUNPATH_SEARCH_PATHS = (
					"$(inherited)",
					"@executable_path/Frameworks",
					"@loader_path/Frameworks",
				);
				PRODUCT_BUNDLE_IDENTIFIER = TapUs.TapUSTests;
				PRODUCT_NAME = "$(TARGET_NAME)";
				SWIFT_VERSION = 4.0;
				TARGETED_DEVICE_FAMILY = "1,2";
				TEST_HOST = "$(BUILT_PRODUCTS_DIR)/TapUS.app/TapUS";
			};
			name = Release;
		};
		A7364EF620B5C0380008DF62 /* Debug */ = {
			isa = XCBuildConfiguration;
			buildSettings = {
				ALWAYS_EMBED_SWIFT_STANDARD_LIBRARIES = YES;
				CODE_SIGN_STYLE = Automatic;
				INFOPLIST_FILE = TapUSUITests/Info.plist;
				LD_RUNPATH_SEARCH_PATHS = (
					"$(inherited)",
					"@executable_path/Frameworks",
					"@loader_path/Frameworks",
				);
				PRODUCT_BUNDLE_IDENTIFIER = TapUs.TapUSUITests;
				PRODUCT_NAME = "$(TARGET_NAME)";
				SWIFT_VERSION = 4.0;
				TARGETED_DEVICE_FAMILY = "1,2";
				TEST_TARGET_NAME = TapUS;
			};
			name = Debug;
		};
		A7364EF720B5C0380008DF62 /* Release */ = {
			isa = XCBuildConfiguration;
			buildSettings = {
				ALWAYS_EMBED_SWIFT_STANDARD_LIBRARIES = YES;
				CODE_SIGN_STYLE = Automatic;
				INFOPLIST_FILE = TapUSUITests/Info.plist;
				LD_RUNPATH_SEARCH_PATHS = (
					"$(inherited)",
					"@executable_path/Frameworks",
					"@loader_path/Frameworks",
				);
				PRODUCT_BUNDLE_IDENTIFIER = TapUs.TapUSUITests;
				PRODUCT_NAME = "$(TARGET_NAME)";
				SWIFT_VERSION = 4.0;
				TARGETED_DEVICE_FAMILY = "1,2";
				TEST_TARGET_NAME = TapUS;
			};
			name = Release;
		};
/* End XCBuildConfiguration section */

/* Begin XCConfigurationList section */
		A7364EC220B5C0340008DF62 /* Build configuration list for PBXProject "TapUS" */ = {
			isa = XCConfigurationList;
			buildConfigurations = (
				A7364EED20B5C0380008DF62 /* Debug */,
				A7364EEE20B5C0380008DF62 /* Release */,
			);
			defaultConfigurationIsVisible = 0;
			defaultConfigurationName = Release;
		};
		A7364EEF20B5C0380008DF62 /* Build configuration list for PBXNativeTarget "TapUS" */ = {
			isa = XCConfigurationList;
			buildConfigurations = (
				A7364EF020B5C0380008DF62 /* Debug */,
				A7364EF120B5C0380008DF62 /* Release */,
			);
			defaultConfigurationIsVisible = 0;
			defaultConfigurationName = Release;
		};
		A7364EF220B5C0380008DF62 /* Build configuration list for PBXNativeTarget "TapUSTests" */ = {
			isa = XCConfigurationList;
			buildConfigurations = (
				A7364EF320B5C0380008DF62 /* Debug */,
				A7364EF420B5C0380008DF62 /* Release */,
			);
			defaultConfigurationIsVisible = 0;
			defaultConfigurationName = Release;
		};
		A7364EF520B5C0380008DF62 /* Build configuration list for PBXNativeTarget "TapUSUITests" */ = {
			isa = XCConfigurationList;
			buildConfigurations = (
				A7364EF620B5C0380008DF62 /* Debug */,
				A7364EF720B5C0380008DF62 /* Release */,
			);
			defaultConfigurationIsVisible = 0;
			defaultConfigurationName = Release;
		};
/* End XCConfigurationList section */
	};
	rootObject = A7364EBF20B5C0340008DF62 /* Project object */;
}
